
Microsoft Visual Studio Solution File, Format Version 12.00
# Visual Studio 15
VisualStudioVersion = 15.0.27004.2005
MinimumVisualStudioVersion = 10.0.40219.1
Project("{9A19103F-16F7-4668-BE54-9A1E7A4F7556}") = "SpinningFish.Web", "SpinningFish.Web\SpinningFish.Web.csproj", "{5909D8CA-483B-41CC-ABD7-0D9A8B67E8AD}"
EndProject
Project("{9A19103F-16F7-4668-BE54-9A1E7A4F7556}") = "SpinningFish.Data", "SpinningFish.Data\SpinningFish.Data.csproj", "{02C98914-8978-447C-B3B6-F1291BEB94D1}"
EndProject
Project("{FAE04EC0-301F-11D3-BF4B-00C04F79EFBC}") = "SpinningFish.Services", "SpinningFish.Services\SpinningFish.Services.csproj", "{BA50C722-D6B4-490E-AED8-7BB239E88D7E}"
EndProject
Project("{FAE04EC0-301F-11D3-BF4B-00C04F79EFBC}") = "SpinningFish.Common", "SpinningFish.Common\SpinningFish.Common.csproj", "{3058F601-ADC3-4FCA-8AE4-BE178FAD9B49}"
EndProject
Global
	GlobalSection(SolutionConfigurationPlatforms) = preSolution
		Debug|Any CPU = Debug|Any CPU
		Release|Any CPU = Release|Any CPU
	EndGlobalSection
	GlobalSection(ProjectConfigurationPlatforms) = postSolution
		{5909D8CA-483B-41CC-ABD7-0D9A8B67E8AD}.Debug|Any CPU.ActiveCfg = Debug|Any CPU
		{5909D8CA-483B-41CC-ABD7-0D9A8B67E8AD}.Debug|Any CPU.Build.0 = Debug|Any CPU
		{5909D8CA-483B-41CC-ABD7-0D9A8B67E8AD}.Release|Any CPU.ActiveCfg = Release|Any CPU
		{5909D8CA-483B-41CC-ABD7-0D9A8B67E8AD}.Release|Any CPU.Build.0 = Release|Any CPU
		{02C98914-8978-447C-B3B6-F1291BEB94D1}.Debug|Any CPU.ActiveCfg = Debug|Any CPU
		{02C98914-8978-447C-B3B6-F1291BEB94D1}.Debug|Any CPU.Build.0 = Debug|Any CPU
		{02C98914-8978-447C-B3B6-F1291BEB94D1}.Release|Any CPU.ActiveCfg = Release|Any CPU
		{02C98914-8978-447C-B3B6-F1291BEB94D1}.Release|Any CPU.Build.0 = Release|Any CPU
		{BA50C722-D6B4-490E-AED8-7BB239E88D7E}.Debug|Any CPU.ActiveCfg = Debug|Any CPU
		{BA50C722-D6B4-490E-AED8-7BB239E88D7E}.Debug|Any CPU.Build.0 = Debug|Any CPU
		{BA50C722-D6B4-490E-AED8-7BB239E88D7E}.Release|Any CPU.ActiveCfg = Release|Any CPU
		{BA50C722-D6B4-490E-AED8-7BB239E88D7E}.Release|Any CPU.Build.0 = Release|Any CPU
		{3058F601-ADC3-4FCA-8AE4-BE178FAD9B49}.Debug|Any CPU.ActiveCfg = Debug|Any CPU
		{3058F601-ADC3-4FCA-8AE4-BE178FAD9B49}.Debug|Any CPU.Build.0 = Debug|Any CPU
		{3058F601-ADC3-4FCA-8AE4-BE178FAD9B49}.Release|Any CPU.ActiveCfg = Release|Any CPU
		{3058F601-ADC3-4FCA-8AE4-BE178FAD9B49}.Release|Any CPU.Build.0 = Release|Any CPU
	EndGlobalSection
	GlobalSection(SolutionProperties) = preSolution
		HideSolutionNode = FALSE
	EndGlobalSection
	GlobalSection(ExtensibilityGlobals) = postSolution
		SolutionGuid = {8C7661EC-BAA6-440E-B4A1-ED520C464FE6}
	EndGlobalSection
EndGlobal
